<?xml version="1.0" encoding="utf-8"?>
<Project ToolsVersion="4.0" xmlns="http://schemas.microsoft.com/developer/msbuild/2003">
  <ItemGroup>
    <Filter Include="Source Files">
      <UniqueIdentifier>{4FC737F1-C7A5-4376-A066-2A32D752A2FF}</UniqueIdentifier>
      <Extensions>cpp;c;cc;cxx;def;odl;idl;hpj;bat;asm;asmx</Extensions>
    </Filter>
    <Filter Include="Header Files">
      <UniqueIdentifier>{93995380-89BD-4b04-88EB-625FBE52EBFB}</UniqueIdentifier>
      <Extensions>h;hh;hpp;hxx;hm;inl;inc;xsd</Extensions>
    </Filter>
    <Filter Include="Resource Files">
      <UniqueIdentifier>{67DA6AB6-F800-4c08-8B7A-83BB121AAD01}</UniqueIdentifier>
      <Extensions>rc;ico;cur;bmp;dlg;rc2;rct;bin;rgs;gif;jpg;jpeg;jpe;resx;tiff;tif;png;wav;mfcribbon-ms</Extensions>
    </Filter>
  </ItemGroup>
  <ItemGroup>
    <ClInclude Include="..\..\minerva\narray\narray.h">
      <Filter>Header Files</Filter>
    </ClInclude>
    <ClInclude Include="..\..\minerva\op\basic_fn.h">
      <Filter>Header Files</Filter>
    </ClInclude>
    <ClInclude Include="..\..\minerva\op\closure.h">
      <Filter>Header Files</Filter>
    </ClInclude>
    <ClInclude Include="..\..\minerva\op\compute_fn.h">
      <Filter>Header Files</Filter>
    </ClInclude>
    <ClInclude Include="..\..\minerva\op\context.h">
      <Filter>Header Files</Filter>
    </ClInclude>
    <ClInclude Include="..\..\minerva\op\data_shard.h">
      <Filter>Header Files</Filter>
    </ClInclude>
    <ClInclude Include="..\..\minerva\op\physical.h">
      <Filter>Header Files</Filter>
    </ClInclude>
    <ClInclude Include="..\..\minerva\op\physical_fn.h">
      <Filter>Header Files</Filter>
    </ClInclude>
    <ClInclude Include="..\..\minerva\op\physical_op.h">
      <Filter>Header Files</Filter>
    </ClInclude>
    <ClInclude Include="..\..\minerva\common\bool_flag.h">
      <Filter>Header Files</Filter>
    </ClInclude>
    <ClInclude Include="..\..\minerva\common\common.h">
      <Filter>Header Files</Filter>
    </ClInclude>
    <ClInclude Include="..\..\minerva\common\concurrent_blocking_queue.h">
      <Filter>Header Files</Filter>
    </ClInclude>
    <ClInclude Include="..\..\minerva\common\concurrent_unordered_map.h">
      <Filter>Header Files</Filter>
    </ClInclude>
    <ClInclude Include="..\..\minerva\common\concurrent_unordered_set.h">
      <Filter>Header Files</Filter>
    </ClInclude>
    <ClInclude Include="..\..\minerva\common\cuda_utils.h">
      <Filter>Header Files</Filter>
    </ClInclude>
    <ClInclude Include="..\..\minerva\common\make_unique.h">
      <Filter>Header Files</Filter>
    </ClInclude>
    <ClInclude Include="..\..\minerva\common\scale.h">
      <Filter>Header Files</Filter>
    </ClInclude>
    <ClInclude Include="..\..\minerva\common\shared_mutex.h">
      <Filter>Header Files</Filter>
    </ClInclude>
    <ClInclude Include="..\..\minerva\common\singleton.h">
      <Filter>Header Files</Filter>
    </ClInclude>
    <ClInclude Include="..\..\minerva\common\spin_lock.h">
      <Filter>Header Files</Filter>
    </ClInclude>
    <ClInclude Include="..\..\minerva\common\thread_pool.h">
      <Filter>Header Files</Filter>
    </ClInclude>
    <ClInclude Include="..\..\Minerva\dmlc\logging.h">
      <Filter>Header Files</Filter>
    </ClInclude>
    <ClInclude Include="..\..\Minerva\dmlc\base.h">
      <Filter>Header Files</Filter>
    </ClInclude>
    <ClInclude Include="..\..\minerva\minerva.h">
      <Filter>Header Files</Filter>
    </ClInclude>
    <ClInclude Include="..\..\minerva\ps.h">
      <Filter>Header Files</Filter>
    </ClInclude>
    <ClInclude Include="..\..\minerva\narray\convolution.h">
      <Filter>Header Files</Filter>
    </ClInclude>
    <ClInclude Include="..\..\minerva\narray\convolution_info.h">
      <Filter>Header Files</Filter>
    </ClInclude>
    <ClInclude Include="..\..\minerva\narray\image_batch.h">
      <Filter>Header Files</Filter>
    </ClInclude>
    <ClInclude Include="..\..\minerva\narray\narray_elewise.h">
      <Filter>Header Files</Filter>
    </ClInclude>
    <ClInclude Include="..\..\minerva\op\impl\basic.h">
      <Filter>Header Files</Filter>
    </ClInclude>
    <ClInclude Include="..\..\minerva\op\impl\bundle.h">
      <Filter>Header Files</Filter>
    </ClInclude>
    <ClInclude Include="..\..\minerva\op\impl\cuda.h">
      <Filter>Header Files</Filter>
    </ClInclude>
    <ClInclude Include="..\..\minerva\op\impl\impl.h">
      <Filter>Header Files</Filter>
    </ClInclude>
    <ClInclude Include="..\..\minerva\op\impl\ps.h">
      <Filter>Header Files</Filter>
    </ClInclude>
    <ClInclude Include="..\..\minerva\system\minerva_system.h">
      <Filter>Header Files</Filter>
    </ClInclude>
    <ClInclude Include="..\..\minerva\device\data_store.h">
      <Filter>Header Files</Filter>
    </ClInclude>
    <ClInclude Include="..\..\minerva\device\device.h">
      <Filter>Header Files</Filter>
    </ClInclude>
    <ClInclude Include="..\..\minerva\device\device_listener.h">
      <Filter>Header Files</Filter>
    </ClInclude>
    <ClInclude Include="..\..\minerva\device\device_manager.h">
      <Filter>Header Files</Filter>
    </ClInclude>
    <ClInclude Include="..\..\minerva\device\pooled_data_store.h">
      <Filter>Header Files</Filter>
    </ClInclude>
    <ClInclude Include="..\..\minerva\device\task.h">
      <Filter>Header Files</Filter>
    </ClInclude>
    <ClInclude Include="..\..\minerva\device\task_data.h">
      <Filter>Header Files</Filter>
    </ClInclude>
    <ClInclude Include="..\..\minerva\backend\dag\dag_chunk.h">
      <Filter>Header Files</Filter>
    </ClInclude>
    <ClInclude Include="..\..\minerva\backend\dag\dag_scheduler.h">
      <Filter>Header Files</Filter>
    </ClInclude>
    <ClInclude Include="..\..\minerva\backend\dag\multi_node_lock.h">
      <Filter>Header Files</Filter>
    </ClInclude>
    <ClInclude Include="..\..\minerva\backend\dag\priority_dispatcher_queue.h">
      <Filter>Header Files</Filter>
    </ClInclude>
    <ClInclude Include="..\..\minerva\backend\dag\runtime_info_map.h">
      <Filter>Header Files</Filter>
    </ClInclude>
    <ClInclude Include="..\..\minerva\backend\dag\task_type.h">
      <Filter>Header Files</Filter>
    </ClInclude>
    <ClInclude Include="..\..\minerva\profiler\cpu_timer.h">
      <Filter>Header Files</Filter>
    </ClInclude>
    <ClInclude Include="..\..\minerva\profiler\execution_profiler.h">
      <Filter>Header Files</Filter>
    </ClInclude>
    <ClInclude Include="..\..\minerva\profiler\timer.h">
      <Filter>Header Files</Filter>
    </ClInclude>
    <ClInclude Include="..\..\minerva\profiler\wall_timer.h">
      <Filter>Header Files</Filter>
    </ClInclude>
    <ClInclude Include="..\..\minerva\dag\dag.h">
      <Filter>Header Files</Filter>
    </ClInclude>
    <ClInclude Include="..\..\minerva\dag\dag_node.h">
      <Filter>Header Files</Filter>
    </ClInclude>
    <ClInclude Include="..\..\minerva\dag\dag_printer.h">
      <Filter>Header Files</Filter>
    </ClInclude>
    <ClInclude Include="..\..\minerva\dag\physical_dag.h">
      <Filter>Header Files</Filter>
    </ClInclude>
    <ClInclude Include="..\..\minerva\backend\backend.h">
      <Filter>Header Files</Filter>
    </ClInclude>
    <ClInclude Include="..\..\minerva\backend\backend_chunk.h">
      <Filter>Header Files</Filter>
    </ClInclude>
    <ClInclude Include="..\..\minerva\backend\simple_backend.h">
      <Filter>Header Files</Filter>
    </ClInclude>
  </ItemGroup>
  <ItemGroup>
    <ClCompile Include="..\..\minerva\narray\narray.cpp">
      <Filter>Source Files</Filter>
    </ClCompile>
    <ClCompile Include="..\..\minerva\common\common.cpp">
      <Filter>Source Files</Filter>
    </ClCompile>
    <ClCompile Include="..\..\minerva\common\scale.cpp">
      <Filter>Source Files</Filter>
    </ClCompile>
    <ClCompile Include="..\..\minerva\common\shared_mutex.cpp">
      <Filter>Source Files</Filter>
    </ClCompile>
    <ClCompile Include="..\..\minerva\common\spin_lock.cpp">
      <Filter>Source Files</Filter>
    </ClCompile>
    <ClCompile Include="..\..\minerva\narray\convolution.cpp">
      <Filter>Source Files</Filter>
    </ClCompile>
    <ClCompile Include="..\..\minerva\narray\image_batch.cpp">
      <Filter>Source Files</Filter>
    </ClCompile>
    <ClCompile Include="..\..\minerva\narray\narray_elewise.cpp">
      <Filter>Source Files</Filter>
    </ClCompile>
    <ClCompile Include="..\..\minerva\narray\narray_reduction.cpp">
      <Filter>Source Files</Filter>
    </ClCompile>
    <ClCompile Include="..\..\minerva\op\impl\basic.cpp">
      <Filter>Source Files</Filter>
    </ClCompile>
    <ClCompile Include="..\..\minerva\op\impl\cuda.cpp">
      <Filter>Source Files</Filter>
    </ClCompile>
    <ClCompile Include="..\..\minerva\system\minerva_system.cpp">
      <Filter>Source Files</Filter>
    </ClCompile>
    <ClCompile Include="..\..\minerva\device\data_store.cpp">
      <Filter>Source Files</Filter>
    </ClCompile>
    <ClCompile Include="..\..\minerva\device\device.cpp">
      <Filter>Source Files</Filter>
    </ClCompile>
    <ClCompile Include="..\..\minerva\device\device_manager.cpp">
      <Filter>Source Files</Filter>
    </ClCompile>
    <ClCompile Include="..\..\minerva\device\pooled_data_store.cpp">
      <Filter>Source Files</Filter>
    </ClCompile>
    <ClCompile Include="..\..\minerva\backend\dag\dag_chunk.cpp">
      <Filter>Source Files</Filter>
    </ClCompile>
    <ClCompile Include="..\..\minerva\backend\dag\dag_scheduler.cpp">
      <Filter>Source Files</Filter>
    </ClCompile>
    <ClCompile Include="..\..\minerva\backend\dag\priority_dispatcher_queue.cpp">
      <Filter>Source Files</Filter>
    </ClCompile>
    <ClCompile Include="..\..\minerva\backend\dag\runtime_info_map.cpp">
      <Filter>Source Files</Filter>
    </ClCompile>
    <ClCompile Include="..\..\minerva\profiler\cpu_timer.cpp">
      <Filter>Source Files</Filter>
    </ClCompile>
    <ClCompile Include="..\..\minerva\profiler\execution_profiler.cpp">
      <Filter>Source Files</Filter>
    </ClCompile>
    <ClCompile Include="..\..\minerva\profiler\timer.cpp">
      <Filter>Source Files</Filter>
    </ClCompile>
    <ClCompile Include="..\..\minerva\profiler\wall_timer.cpp">
      <Filter>Source Files</Filter>
    </ClCompile>
    <ClCompile Include="..\..\minerva\dag\dag_node.cpp">
      <Filter>Source Files</Filter>
    </ClCompile>
    <ClCompile Include="..\..\minerva\dag\physical_dag.cpp">
      <Filter>Source Files</Filter>
    </ClCompile>
    <ClCompile Include="..\..\minerva\backend\backend.cpp">
      <Filter>Source Files</Filter>
    </ClCompile>
    <ClCompile Include="..\..\minerva\backend\simple_backend.cpp">
      <Filter>Source Files</Filter>
    </ClCompile>
  </ItemGroup>
</Project>